
Microsoft Visual Studio Solution File, Format Version 12.00
# Visual Studio Version 17
VisualStudioVersion = 17.4.33122.133
MinimumVisualStudioVersion = 10.0.40219.1
Project("{FAE04EC0-301F-11D3-BF4B-00C04F79EFBC}") = "CRUDHoteles", "CRUDHoteles.csproj", "{2D8ACA8D-476D-4E2C-83A3-0187FE587D4F}"
EndProject
Global
	GlobalSection(SolutionConfigurationPlatforms) = preSolution
		Debug|Any CPU = Debug|Any CPU
		Release|Any CPU = Release|Any CPU
	EndGlobalSection
	GlobalSection(ProjectConfigurationPlatforms) = postSolution
		{2D8ACA8D-476D-4E2C-83A3-0187FE587D4F}.Debug|Any CPU.ActiveCfg = Debug|Any CPU
		{2D8ACA8D-476D-4E2C-83A3-0187FE587D4F}.Debug|Any CPU.Build.0 = Debug|Any CPU
		{2D8ACA8D-476D-4E2C-83A3-0187FE587D4F}.Release|Any CPU.ActiveCfg = Release|Any CPU
		{2D8ACA8D-476D-4E2C-83A3-0187FE587D4F}.Release|Any CPU.Build.0 = Release|Any CPU
	EndGlobalSection
	GlobalSection(SolutionProperties) = preSolution
		HideSolutionNode = FALSE
	EndGlobalSection
	GlobalSection(ExtensibilityGlobals) = postSolution
		SolutionGuid = {2828B1CA-7C60-4E2F-9EBE-CCBAD82BB5B7}
	EndGlobalSection
EndGlobal
